{
  "markbot": "ad45799dc3c09b431132c4da20a952febed6e5b3a926392a7668340b74304514",
  "markbotignore": "030a4e6e1b3b6b510514a7ae54576e2c2ef762d56236c6414ef634955d96a126",
  "index-320.png": "2544f78bb22e2c1d93751f1209ebb37e30ed2dfa8263f6e6c06ccaa7bcbf4cbf",
  "index-400.png": "2357b2b4d3845006fc388ef176bb4d62cc241da5b18b9a31db2e1c7b4b1d49e0",
  "index-608.png": "4d4e42d7273bd457a1e9bb35c37819cd3b8ec99dfdc06dab7f173c7e8e3587e0",
  "index-960.png": "31e95b4c8563707c641decfa34457d20d6fdb421f25375bd96d1b98ababa88ae",
  "index-1440.png": "2ffe724f69883284882ca03606aa8d46ecb24b77395e199e500ea66dcae9182d"
}